# THIS IS AN AUTOGENERATED FILE. DO NOT EDIT THIS FILE DIRECTLY.
# yarn lockfile v1


"@discordjs/builders@^1.5.0":
  version "1.5.0"
  resolved "https://registry.npmjs.org/@discordjs/builders/-/builders-1.5.0.tgz"
  integrity sha512-7XxT78mnNBPigHn2y6KAXkicxIBFtZREGWaRZ249EC1l6gBUEP8IyVY5JTciIjJArxkF+tg675aZvsTNTKBpmA==
  dependencies:
    "@discordjs/formatters" "^0.2.0"
    "@discordjs/util" "^0.2.0"
    "@sapphire/shapeshift" "^3.8.1"
    discord-api-types "^0.37.35"
    fast-deep-equal "^3.1.3"
    ts-mixer "^6.0.3"
    tslib "^2.5.0"

"@discordjs/collection@^1.4.0":
  version "1.4.0"
  resolved "https://registry.npmjs.org/@discordjs/collection/-/collection-1.4.0.tgz"
  integrity sha512-hiOJyk2CPFf1+FL3a4VKCuu1f448LlROVuu8nLz1+jCOAPokUcdFAV+l4pd3B3h6uJlJQSASoZzrdyNdjdtfzQ==

"@discordjs/formatters@^0.2.0":
  version "0.2.0"
  resolved "https://registry.npmjs.org/@discordjs/formatters/-/formatters-0.2.0.tgz"
  integrity sha512-vn4oMSXuMZUm8ITqVOtvE7/fMMISj4cI5oLsR09PEQXHKeKDAMLltG/DWeeIs7Idfy6V8Fk3rn1e69h7NfzuNA==
  dependencies:
    discord-api-types "^0.37.35"

"@discordjs/rest@^1.6.0":
  version "1.6.0"
  resolved "https://registry.npmjs.org/@discordjs/rest/-/rest-1.6.0.tgz"
  integrity sha512-HGvqNCZ5Z5j0tQHjmT1lFvE5ETO4hvomJ1r0cbnpC1zM23XhCpZ9wgTCiEmaxKz05cyf2CI9p39+9LL+6Yz1bA==
  dependencies:
    "@discordjs/collection" "^1.4.0"
    "@discordjs/util" "^0.2.0"
    "@sapphire/async-queue" "^1.5.0"
    "@sapphire/snowflake" "^3.4.0"
    discord-api-types "^0.37.35"
    file-type "^18.2.1"
    tslib "^2.5.0"
    undici "^5.20.0"

"@discordjs/util@^0.2.0":
  version "0.2.0"
  resolved "https://registry.npmjs.org/@discordjs/util/-/util-0.2.0.tgz"
  integrity sha512-/8qNbebFzLWKOOg+UV+RB8itp4SmU5jw0tBUD3ifElW6rYNOj1Ku5JaSW7lLl/WgjjxF01l/1uQPCzkwr110vg==

"@prisma/client@^4.11.0":
  version "4.11.0"
  resolved "https://registry.npmjs.org/@prisma/client/-/client-4.11.0.tgz"
  integrity sha512-0INHYkQIqgAjrt7NzhYpeDQi8x3Nvylc2uDngKyFDDj1tTRQ4uV1HnVmd1sQEraeVAN63SOK0dgCKQHlvjL0KA==
  dependencies:
    "@prisma/engines-version" "4.11.0-57.8fde8fef4033376662cad983758335009d522acb"

"@prisma/engines-version@4.11.0-57.8fde8fef4033376662cad983758335009d522acb":
  version "4.11.0-57.8fde8fef4033376662cad983758335009d522acb"
  resolved "https://registry.npmjs.org/@prisma/engines-version/-/engines-version-4.11.0-57.8fde8fef4033376662cad983758335009d522acb.tgz"
  integrity sha512-3Vd8Qq06d5xD8Ch5WauWcUUrsVPdMC6Ge8ILji8RFfyhUpqon6qSyGM0apvr1O8n8qH8cKkEFqRPsYjuz5r83g==

"@prisma/engines@4.11.0":
  version "4.11.0"
  resolved "https://registry.npmjs.org/@prisma/engines/-/engines-4.11.0.tgz"
  integrity sha512-0AEBi2HXGV02cf6ASsBPhfsVIbVSDC9nbQed4iiY5eHttW9ZtMxHThuKZE1pnESbr8HRdgmFSa/Kn4OSNYuibg==

"@sapphire/async-queue@^1.5.0":
  version "1.5.0"
  resolved "https://registry.npmjs.org/@sapphire/async-queue/-/async-queue-1.5.0.tgz"
  integrity sha512-JkLdIsP8fPAdh9ZZjrbHWR/+mZj0wvKS5ICibcLrRI1j84UmLMshx5n9QmL8b95d4onJ2xxiyugTgSAX7AalmA==

"@sapphire/cron@^1.0.0":
  version "1.0.0"
  resolved "https://registry.npmjs.org/@sapphire/cron/-/cron-1.0.0.tgz"
  integrity sha512-pKYfpnHiDFknur3yoquA8cqbJZS140y2oqjshwGGmtjiuIbUngQhPHGwdWHNDKDrF6EKbOK06nd2URE+0eUrfQ==
  dependencies:
    "@sapphire/utilities" "^3.9.3"

"@sapphire/decorators@^6.0.0":
  version "6.0.0"
  resolved "https://registry.npmjs.org/@sapphire/decorators/-/decorators-6.0.0.tgz"
  integrity sha512-su+5K/ZT8PTxPLal9ZEq2Ik1J4ucEnY1ccBY1USW3NRj8iLFaEhPeUKpikRey3Wox2mpKeoxzZphrIWO5E8fng==
  dependencies:
    tslib "^2.4.1"

"@sapphire/discord-utilities@^3.0.1", "@sapphire/discord-utilities@^3.0.2":
  version "3.0.2"
  resolved "https://registry.npmjs.org/@sapphire/discord-utilities/-/discord-utilities-3.0.2.tgz"
  integrity sha512-ki1UXVAgKe+iklLhC3bUYz/sztIGbtTJMhYNMo8v+1h/GRlfOtcRoBAs9wF4hqFYZLVJ5RhwTENUC0sqkrceYw==
  dependencies:
    discord-api-types "^0.37.38"

"@sapphire/discord.js-utilities@^6.0.6":
  version "6.0.6"
  resolved "https://registry.npmjs.org/@sapphire/discord.js-utilities/-/discord.js-utilities-6.0.6.tgz"
  integrity sha512-8XAr0AMK8sYBfwYc32UECSm6T9GGhNNvf8d2khsIzmkydKQ+ldFZNxKsaWq3/AjiKnXDUOtjWS8n5C2mTSexvQ==
  dependencies:
    "@sapphire/discord-utilities" "^3.0.2"
    "@sapphire/duration" "^1.1.0"
    "@sapphire/utilities" "^3.11.1"
    tslib "^2.5.0"

"@sapphire/discord.js-utilities@6.0.4":
  version "6.0.4"
  resolved "https://registry.npmjs.org/@sapphire/discord.js-utilities/-/discord.js-utilities-6.0.4.tgz"
  integrity sha512-ULdvISp6L4EBOrGD+0D6bis0ykLRI+M06mqCmr+zdvCeTY+Mk0oX9ViYotyfx6ycA9qEdW9zCr9YMY17nIrjVg==
  dependencies:
    "@sapphire/discord-utilities" "^3.0.1"
    "@sapphire/duration" "^1.0.0"
    "@sapphire/utilities" "^3.11.0"
    tslib "^2.5.0"

"@sapphire/duration@^1.0.0", "@sapphire/duration@^1.1.0":
  version "1.1.0"
  resolved "https://registry.npmjs.org/@sapphire/duration/-/duration-1.1.0.tgz"
  integrity sha512-ATb2pWPLcSgG7bzvT6MglUcDexFSufr2FLXUmhipWGFtZbvDhkopGBIuHyzoGy7LZvL8UY5T6pRLNdFv5pl/Lg==

"@sapphire/framework@^4.2.2":
  version "4.2.2"
  resolved "https://registry.npmjs.org/@sapphire/framework/-/framework-4.2.2.tgz"
  integrity sha512-E2zfqcjhAgj7TqQfKneIY2GCBDrEuZTvJUuXc5xc9vLsP7CaoaBHMLMCT/uS2cb6/GvJQBdZP6k/DgCFYjWGOQ==
  dependencies:
    "@discordjs/builders" "^1.5.0"
    "@sapphire/discord-utilities" "^3.0.1"
    "@sapphire/discord.js-utilities" "6.0.4"
    "@sapphire/lexure" "^1.1.2"
    "@sapphire/pieces" "^3.6.0"
    "@sapphire/ratelimits" "^2.4.6"
    "@sapphire/result" "^2.6.0"
    "@sapphire/stopwatch" "^1.5.0"
    "@sapphire/utilities" "^3.11.0"

"@sapphire/lexure@^1.1.2":
  version "1.1.2"
  resolved "https://registry.npmjs.org/@sapphire/lexure/-/lexure-1.1.2.tgz"
  integrity sha512-+v3P3EMDdFoybHH7c7cMcz30jEyxujkxWu5f958cf/Sm27fMM0IqwILnNFUpExZCBAueEM/eoSgbRl4q+K+0jg==
  dependencies:
    "@sapphire/result" "^2.6.0"

"@sapphire/pieces@^3.6.0":
  version "3.6.1"
  resolved "https://registry.npmjs.org/@sapphire/pieces/-/pieces-3.6.1.tgz"
  integrity sha512-LKa0WaaDNwLP0pkRRSgZ9POrH/S2xx+iiymbp8TcB1U5R8ra9y1ijgHwksJJ/ofL/zEHN1Dgx6gZwLBn+Mkb7Q==
  dependencies:
    "@discordjs/collection" "^1.4.0"
    "@sapphire/utilities" "^3.11.0"
    tslib "^2.5.0"

"@sapphire/plugin-subcommands@^4.0.0":
  version "4.0.0"
  resolved "https://registry.npmjs.org/@sapphire/plugin-subcommands/-/plugin-subcommands-4.0.0.tgz"
  integrity sha512-jugJskJuFN8Cq7NeQ2XnaJkQuyPOj9JfZDSAVVSdiddKAGcXVMhGaB0YoDJ29MvFqSSNj3zPXAl4esvzIt/FiA==
  dependencies:
    "@sapphire/utilities" "^3.11.0"
    tslib "^2.4.1"

"@sapphire/plugin-utilities-store@^1.0.0":
  version "1.0.0"
  resolved "https://registry.npmjs.org/@sapphire/plugin-utilities-store/-/plugin-utilities-store-1.0.0.tgz"
  integrity sha512-qdLSfV38JyjbdJM6TIzVigscLlutdEOjJthSHzzcGfdxyPYztza3hskhy8OyAH00toPnq5nHQ7B+85gZDEcV0A==
  dependencies:
    tslib "^2.5.0"

"@sapphire/ratelimits@^2.4.6":
  version "2.4.6"
  resolved "https://registry.npmjs.org/@sapphire/ratelimits/-/ratelimits-2.4.6.tgz"
  integrity sha512-E8ZogD+gtXw/iAFuyd42ZzUcYzOC3qGXZFOjU12o0cSYWObh7kQEqkS62BB0hMXy+GJH0X2+kqgMklME8EhWUg==

"@sapphire/result@^2.6.0":
  version "2.6.0"
  resolved "https://registry.npmjs.org/@sapphire/result/-/result-2.6.0.tgz"
  integrity sha512-gdW6n/oDZ8aC1439Ub3RiLQ6L4VHAxbN0AhGJWNkEZ6Z6Ww2V62fwRiA/73OPfgYQKXk9ljhAFiqNO91KAonHQ==

"@sapphire/shapeshift@^3.8.1":
  version "3.8.1"
  resolved "https://registry.npmjs.org/@sapphire/shapeshift/-/shapeshift-3.8.1.tgz"
  integrity sha512-xG1oXXBhCjPKbxrRTlox9ddaZTvVpOhYLmKmApD/vIWOV1xEYXnpoFs68zHIZBGbqztq6FrUPNPerIrO1Hqeaw==
  dependencies:
    fast-deep-equal "^3.1.3"
    lodash "^4.17.21"

"@sapphire/snowflake@^3.4.0":
  version "3.4.0"
  resolved "https://registry.npmjs.org/@sapphire/snowflake/-/snowflake-3.4.0.tgz"
  integrity sha512-zZxymtVO6zeXVMPds+6d7gv/OfnCc25M1Z+7ZLB0oPmeMTPeRWVPQSS16oDJy5ZsyCOLj7M6mbZml5gWXcVRNw==

"@sapphire/stopwatch@^1.5.0":
  version "1.5.0"
  resolved "https://registry.npmjs.org/@sapphire/stopwatch/-/stopwatch-1.5.0.tgz"
  integrity sha512-DtyKugdy3JTqm6JnEepTY64fGJAqlusDVrlrzifEgSCfGYCqpvB+SBldkWtDH+z+zLcp+PyaFLq7xpVfkhmvGg==
  dependencies:
    tslib "^2.4.0"

"@sapphire/time-utilities@^1.7.8":
  version "1.7.8"
  resolved "https://registry.npmjs.org/@sapphire/time-utilities/-/time-utilities-1.7.8.tgz"
  integrity sha512-T6X/nwCvKhxmNRexgmA3KwLt3Z+xzlErkre4viflx46hHOmNNb3hoIyQtekgHYrabEaHWNbqW4PW7gC3hBc+ag==
  dependencies:
    "@sapphire/cron" "^1.0.0"
    "@sapphire/duration" "^1.0.0"
    "@sapphire/timer-manager" "^1.0.0"
    "@sapphire/timestamp" "^1.0.0"

"@sapphire/timer-manager@^1.0.0":
  version "1.0.0"
  resolved "https://registry.npmjs.org/@sapphire/timer-manager/-/timer-manager-1.0.0.tgz"
  integrity sha512-vxxnv75QPMGKt6IB6nL2xRJfwzcUQ9DBGzJLg6G8eS5O4u7j3IR/yr/GQsa4gIpjw6kQOgn8lUdnSTlpnERTbQ==

"@sapphire/timestamp@^1.0.0":
  version "1.0.0"
  resolved "https://registry.npmjs.org/@sapphire/timestamp/-/timestamp-1.0.0.tgz"
  integrity sha512-80g0xYP4zxsgNizMO0HVf+LcM1mD/jxke4feSytDzw8u1pEPr1APfIz3Ix7JB9VI113p0KjLBMywl+ceaN7jrw==

"@sapphire/ts-config@^3.3.4":
  version "3.3.4"
  resolved "https://registry.npmjs.org/@sapphire/ts-config/-/ts-config-3.3.4.tgz"
  integrity sha512-mWEUxCXh3cHKI7C8HJ049exVTMNaq+A/lJEDfM5ENSQ/OOZHd5DdmXn2jrYqFWbTRCHa0Vp2FAmACWBwePsBtg==
  dependencies:
    tslib "^2.3.1"
    typescript "^4.6.3"

"@sapphire/utilities@^3.11.0", "@sapphire/utilities@^3.11.1", "@sapphire/utilities@^3.9.3":
  version "3.11.1"
  resolved "https://registry.npmjs.org/@sapphire/utilities/-/utilities-3.11.1.tgz"
  integrity sha512-SO7WvlPc0QEB+bCT6Z/NGpYTpOtYAJtxpxKV4YU+agEGlMZ5hM8J/xkco4/yFWH7X2gAcG4Ckoi2shFr7CMS/A==

"@sindresorhus/is@^5.2.0":
  version "5.3.0"
  resolved "https://registry.npmjs.org/@sindresorhus/is/-/is-5.3.0.tgz"
  integrity sha512-CX6t4SYQ37lzxicAqsBtxA3OseeoVrh9cSJ5PFYam0GksYlupRfy1A+Q4aYD3zvcfECLc0zO2u+ZnR2UYKvCrw==

"@szmarczak/http-timer@^5.0.1":
  version "5.0.1"
  resolved "https://registry.npmjs.org/@szmarczak/http-timer/-/http-timer-5.0.1.tgz"
  integrity sha512-+PmQX0PiAYPMeVYe237LJAYvOMYW1j2rH5YROyS3b4CTVJum34HfRvKvAzozHAQG0TnHNdUfY9nCeUyRAs//cw==
  dependencies:
    defer-to-connect "^2.0.1"

"@tokenizer/token@^0.3.0":
  version "0.3.0"
  resolved "https://registry.npmjs.org/@tokenizer/token/-/token-0.3.0.tgz"
  integrity sha512-OvjF+z51L3ov0OyAU0duzsYuvO01PH7x4t6DJx+guahgTnBHkhJdG7soQeTSFLWN3efnHyibZ4Z8l2EuWwJN3A==

"@types/http-cache-semantics@^4.0.1":
  version "4.0.1"
  resolved "https://registry.npmjs.org/@types/http-cache-semantics/-/http-cache-semantics-4.0.1.tgz"
  integrity sha512-SZs7ekbP8CN0txVG2xVRH6EgKmEm31BOxA07vkFaETzZz1xh+cbt8BcI0slpymvwhx5dlFnQG2rTlPVQn+iRPQ==

"@types/node@*":
  version "18.14.6"
  resolved "https://registry.npmjs.org/@types/node/-/node-18.14.6.tgz"
  integrity sha512-93+VvleD3mXwlLI/xASjw0FzKcwzl3OdTCzm1LaRfqgS21gfFtK3zDXM5Op9TeeMsJVOaJ2VRDpT9q4Y3d0AvA==

"@types/ws@^8.5.4":
  version "8.5.4"
  resolved "https://registry.npmjs.org/@types/ws/-/ws-8.5.4.tgz"
  integrity sha512-zdQDHKUgcX/zBc4GrwsE/7dVdAD8JR4EuiAXiiUhhfyIJXXb2+PrGshFyeXWQPMmmZ2XxgaqclgpIC7eTXc1mg==
  dependencies:
    "@types/node" "*"

"@vermaysha/hoyolab-api@^3.0.0":
  version "3.0.0"
  resolved "https://registry.npmjs.org/@vermaysha/hoyolab-api/-/hoyolab-api-3.0.0.tgz"
  integrity sha512-L7IvyBs0PwjFR1jlJbasux+EIXBa43ZfwfL9u4129GpMdsL4Tf7VpwyKnrOKrXMmtMQ7d7kHll4rQceFKzsVCg==
  dependencies:
    got "^12.6.0"

ansi-regex@^5.0.1:
  version "5.0.1"
  resolved "https://registry.npmjs.org/ansi-regex/-/ansi-regex-5.0.1.tgz"
  integrity sha512-quJQXlTSUGL2LH9SUXo8VwsY4soanhgo6LNSm84E1LBcE8s3O0wpdiRzyR9z/ZZJMlMWv37qOOb9pdJlMUEKFQ==

ansi-styles@^4.0.0:
  version "4.3.0"
  resolved "https://registry.npmjs.org/ansi-styles/-/ansi-styles-4.3.0.tgz"
  integrity sha512-zbB9rCJAT1rbjiVDb2hqKFHNYLxgtk8NURxZ3IZwD3F6NtxbXZQCnnSi1Lkx+IDohdPlFp222wVALIheZJQSEg==
  dependencies:
    color-convert "^2.0.1"

busboy@^1.6.0:
  version "1.6.0"
  resolved "https://registry.npmjs.org/busboy/-/busboy-1.6.0.tgz"
  integrity sha512-8SFQbg/0hQ9xy3UNTB0YEnsNBbWfhf7RtnzpL7TkBiTBRfrQ9Fxcnz7VJsleJpyp6rVLvXiuORqjlHi5q+PYuA==
  dependencies:
    streamsearch "^1.1.0"

cacheable-lookup@^7.0.0:
  version "7.0.0"
  resolved "https://registry.npmjs.org/cacheable-lookup/-/cacheable-lookup-7.0.0.tgz"
  integrity sha512-+qJyx4xiKra8mZrcwhjMRMUhD5NR1R8esPkzIYxX96JiecFoxAXFuz/GpR3+ev4PE1WamHip78wV0vcmPQtp8w==

cacheable-request@^10.2.8:
  version "10.2.9"
  resolved "https://registry.npmjs.org/cacheable-request/-/cacheable-request-10.2.9.tgz"
  integrity sha512-CaAMr53AS1Tb9evO1BIWFnZjSr8A4pbXofpsNVWPMDZZj3ZQKHwsQG9BrTqQ4x5ZYJXz1T2b8LLtTZODxSpzbg==
  dependencies:
    "@types/http-cache-semantics" "^4.0.1"
    get-stream "^6.0.1"
    http-cache-semantics "^4.1.1"
    keyv "^4.5.2"
    mimic-response "^4.0.0"
    normalize-url "^8.0.0"
    responselike "^3.0.0"

cliui@^8.0.1:
  version "8.0.1"
  resolved "https://registry.npmjs.org/cliui/-/cliui-8.0.1.tgz"
  integrity sha512-BSeNnyus75C4//NQ9gQt1/csTXyo/8Sb+afLAkzAptFuMsod9HFokGNudZpi/oQV73hnVK+sR+5PVRMd+Dr7YQ==
  dependencies:
    string-width "^4.2.0"
    strip-ansi "^6.0.1"
    wrap-ansi "^7.0.0"

color-convert@^2.0.1:
  version "2.0.1"
  resolved "https://registry.npmjs.org/color-convert/-/color-convert-2.0.1.tgz"
  integrity sha512-RRECPsj7iu/xb5oKYcsFHSppFNnsj/52OVTRKb4zP5onXwVF3zVmmToNcOfGC+CRDpfK/U584fMg38ZHCaElKQ==
  dependencies:
    color-name "~1.1.4"

color-name@~1.1.4:
  version "1.1.4"
  resolved "https://registry.npmjs.org/color-name/-/color-name-1.1.4.tgz"
  integrity sha512-dOy+3AuW3a2wNbZHIuMZpTcgjGuLU/uBL/ubcZF9OXbDo8ff4O8yVp5Bf0efS8uEoYo5q4Fx7dY9OgQGXgAsQA==

dayjs@^1.11.7:
  version "1.11.7"
  resolved "https://registry.npmjs.org/dayjs/-/dayjs-1.11.7.tgz"
  integrity sha512-+Yw9U6YO5TQohxLcIkrXBeY73WP3ejHWVvx8XCk3gxvQDCTEmS48ZrSZCKciI7Bhl/uCMyxYtE9UqRILmFphkQ==

decompress-response@^6.0.0:
  version "6.0.0"
  resolved "https://registry.npmjs.org/decompress-response/-/decompress-response-6.0.0.tgz"
  integrity sha512-aW35yZM6Bb/4oJlZncMH2LCoZtJXTRxES17vE3hoRiowU2kWHaJKFkSBDnDR+cm9J+9QhXmREyIfv0pji9ejCQ==
  dependencies:
    mimic-response "^3.1.0"

defer-to-connect@^2.0.1:
  version "2.0.1"
  resolved "https://registry.npmjs.org/defer-to-connect/-/defer-to-connect-2.0.1.tgz"
  integrity sha512-4tvttepXG1VaYGrRibk5EwJd1t4udunSOVMdLSAL6mId1ix438oPwPZMALY41FCijukO1L0twNcGsdzS7dHgDg==

discord-api-types@^0.37.35, discord-api-types@^0.37.38:
  version "0.37.40"
  resolved "https://registry.npmjs.org/discord-api-types/-/discord-api-types-0.37.40.tgz"
  integrity sha512-LMALvtO+p6ERK8rwWoaI490NfIE/egbqjR4/rfLL1z9gQE1gqLiTpIUUDIunfAtKYzeH6ucyXhaXXWpfZh/Q6g==

discord.js@^14.8.0:
  version "14.8.0"
  resolved "https://registry.npmjs.org/discord.js/-/discord.js-14.8.0.tgz"
  integrity sha512-UOxYtc/YnV7jAJ2gISluJyYeBw4e+j8gWn+IoqG8unaHAVuvZ13DdYN0M1f9fbUgUvSarV798inIrYFtDNDjwQ==
  dependencies:
    "@discordjs/builders" "^1.5.0"
    "@discordjs/collection" "^1.4.0"
    "@discordjs/formatters" "^0.2.0"
    "@discordjs/rest" "^1.6.0"
    "@discordjs/util" "^0.2.0"
    "@sapphire/snowflake" "^3.4.0"
    "@types/ws" "^8.5.4"
    discord-api-types "^0.37.35"
    fast-deep-equal "^3.1.3"
    lodash.snakecase "^4.1.1"
    tslib "^2.5.0"
    undici "^5.20.0"
    ws "^8.12.1"

dotenv@^16.0.3:
  version "16.0.3"
  resolved "https://registry.npmjs.org/dotenv/-/dotenv-16.0.3.tgz"
  integrity sha512-7GO6HghkA5fYG9TYnNxi14/7K9f5occMlp3zXAuSxn7CKCxt9xbNWG7yF8hTCSUchlfWSe3uLmlPfigevRItzQ==

emoji-regex@^8.0.0:
  version "8.0.0"
  resolved "https://registry.npmjs.org/emoji-regex/-/emoji-regex-8.0.0.tgz"
  integrity sha512-MSjYzcWNOA0ewAHpz0MxpYFvwg6yjy1NG3xteoqz644VCo/RPgnr1/GGt+ic3iJTzQ8Eu3TdM14SawnVUmGE6A==

escalade@^3.1.1:
  version "3.1.1"
  resolved "https://registry.npmjs.org/escalade/-/escalade-3.1.1.tgz"
  integrity sha512-k0er2gUkLf8O0zKJiAhmkTnJlTvINGv7ygDNPbeIsX/TJjGJZHuh9B2UxbsaEkmlEo9MfhrSzmhIlhRlI2GXnw==

fast-deep-equal@^3.1.3:
  version "3.1.3"
  resolved "https://registry.npmjs.org/fast-deep-equal/-/fast-deep-equal-3.1.3.tgz"
  integrity sha512-f3qQ9oQy9j2AhBe/H9VC91wLmKBCCU/gDOnKNAYG5hswO7BLKj09Hc5HYNz9cGI++xlpDCIgDaitVs03ATR84Q==

file-type@^18.2.1:
  version "18.2.1"
  resolved "https://registry.npmjs.org/file-type/-/file-type-18.2.1.tgz"
  integrity sha512-Yw5MtnMv7vgD2/6Bjmmuegc8bQEVA9GmAyaR18bMYWKqsWDG9wgYZ1j4I6gNMF5Y5JBDcUcjRQqNQx7Y8uotcg==
  dependencies:
    readable-web-to-node-stream "^3.0.2"
    strtok3 "^7.0.0"
    token-types "^5.0.1"

form-data-encoder@^2.1.2:
  version "2.1.4"
  resolved "https://registry.npmjs.org/form-data-encoder/-/form-data-encoder-2.1.4.tgz"
  integrity sha512-yDYSgNMraqvnxiEXO4hi88+YZxaHC6QKzb5N84iRCTDeRO7ZALpir/lVmf/uXUhnwUr2O4HU8s/n6x+yNjQkHw==

get-caller-file@^2.0.5:
  version "2.0.5"
  resolved "https://registry.npmjs.org/get-caller-file/-/get-caller-file-2.0.5.tgz"
  integrity sha512-DyFP3BM/3YHTQOCUL/w0OZHR0lpKeGrxotcHWcqNEdnltqFwXVfhEBQ94eIo34AfQpo0rGki4cyIiftY06h2Fg==

get-stream@^6.0.1:
  version "6.0.1"
  resolved "https://registry.npmjs.org/get-stream/-/get-stream-6.0.1.tgz"
  integrity sha512-ts6Wi+2j3jQjqi70w5AlN8DFnkSwC+MqmxEzdEALB2qXZYV3X/b1CTfgPLGJNMeAWxdPfU8FO1ms3NUfaHCPYg==

got@^12.6.0:
  version "12.6.0"
  resolved "https://registry.npmjs.org/got/-/got-12.6.0.tgz"
  integrity sha512-WTcaQ963xV97MN3x0/CbAriXFZcXCfgxVp91I+Ze6pawQOa7SgzwSx2zIJJsX+kTajMnVs0xcFD1TxZKFqhdnQ==
  dependencies:
    "@sindresorhus/is" "^5.2.0"
    "@szmarczak/http-timer" "^5.0.1"
    cacheable-lookup "^7.0.0"
    cacheable-request "^10.2.8"
    decompress-response "^6.0.0"
    form-data-encoder "^2.1.2"
    get-stream "^6.0.1"
    http2-wrapper "^2.1.10"
    lowercase-keys "^3.0.0"
    p-cancelable "^3.0.0"
    responselike "^3.0.0"

http-cache-semantics@^4.1.1:
  version "4.1.1"
  resolved "https://registry.npmjs.org/http-cache-semantics/-/http-cache-semantics-4.1.1.tgz"
  integrity sha512-er295DKPVsV82j5kw1Gjt+ADA/XYHsajl82cGNQG2eyoPkvgUhX+nDIyelzhIWbbsXP39EHcI6l5tYs2FYqYXQ==

http2-wrapper@^2.1.10:
  version "2.2.0"
  resolved "https://registry.npmjs.org/http2-wrapper/-/http2-wrapper-2.2.0.tgz"
  integrity sha512-kZB0wxMo0sh1PehyjJUWRFEd99KC5TLjZ2cULC4f9iqJBAmKQQXEICjxl5iPJRwP40dpeHFqqhm7tYCvODpqpQ==
  dependencies:
    quick-lru "^5.1.1"
    resolve-alpn "^1.2.0"

ieee754@^1.2.1:
  version "1.2.1"
  resolved "https://registry.npmjs.org/ieee754/-/ieee754-1.2.1.tgz"
  integrity sha512-dcyqhDvX1C46lXZcVqCpK+FtMRQVdIMN6/Df5js2zouUsqG7I6sFxitIC+7KYK29KdXOLHdu9zL4sFnoVQnqaA==

inherits@^2.0.3:
  version "2.0.4"
  resolved "https://registry.npmjs.org/inherits/-/inherits-2.0.4.tgz"
  integrity sha512-k/vGaX4/Yla3WzyMCvTQOXYeIHvqOKtnqBduzTHpzpQZzAskKMhZ2K+EnBiSM9zGSoIFeMpXKxa4dYeZIQqewQ==

is-fullwidth-code-point@^3.0.0:
  version "3.0.0"
  resolved "https://registry.npmjs.org/is-fullwidth-code-point/-/is-fullwidth-code-point-3.0.0.tgz"
  integrity sha512-zymm5+u+sCsSWyD9qNaejV3DFvhCKclKdizYaJUuHA83RLjb7nSuGnddCHGv0hk+KY7BMAlsWeK4Ueg6EV6XQg==

json-buffer@3.0.1:
  version "3.0.1"
  resolved "https://registry.npmjs.org/json-buffer/-/json-buffer-3.0.1.tgz"
  integrity sha512-4bV5BfR2mqfQTJm+V5tPPdf+ZpuhiIvTuAB5g8kcrXOZpTT/QwwVRWBywX1ozr6lEuPdbHxwaJlm9G6mI2sfSQ==

keyv@^4.5.2:
  version "4.5.2"
  resolved "https://registry.npmjs.org/keyv/-/keyv-4.5.2.tgz"
  integrity sha512-5MHbFaKn8cNSmVW7BYnijeAVlE4cYA/SVkifVgrh7yotnfhKmjuXpDKjrABLnT0SfHWV21P8ow07OGfRrNDg8g==
  dependencies:
    json-buffer "3.0.1"

lodash.snakecase@^4.1.1:
  version "4.1.1"
  resolved "https://registry.npmjs.org/lodash.snakecase/-/lodash.snakecase-4.1.1.tgz"
  integrity sha512-QZ1d4xoBHYUeuouhEq3lk3Uq7ldgyFXGBhg04+oRLnIz8o9T65Eh+8YdroUwn846zchkA9yDsDl5CVVaV2nqYw==

lodash@^4.17.21:
  version "4.17.21"
  resolved "https://registry.npmjs.org/lodash/-/lodash-4.17.21.tgz"
  integrity sha512-v2kDEe57lecTulaDIuNTPy3Ry4gLGJ6Z1O3vE1krgXZNrsQ+LFTGHVxVjcXPs17LhbZVGedAJv8XZ1tvj5FvSg==

lowercase-keys@^3.0.0:
  version "3.0.0"
  resolved "https://registry.npmjs.org/lowercase-keys/-/lowercase-keys-3.0.0.tgz"
  integrity sha512-ozCC6gdQ+glXOQsveKD0YsDy8DSQFjDTz4zyzEHNV5+JP5D62LmfDZ6o1cycFx9ouG940M5dE8C8CTewdj2YWQ==

mimic-response@^3.1.0:
  version "3.1.0"
  resolved "https://registry.npmjs.org/mimic-response/-/mimic-response-3.1.0.tgz"
  integrity sha512-z0yWI+4FDrrweS8Zmt4Ej5HdJmky15+L2e6Wgn3+iK5fWzb6T3fhNFq2+MeTRb064c6Wr4N/wv0DzQTjNzHNGQ==

mimic-response@^4.0.0:
  version "4.0.0"
  resolved "https://registry.npmjs.org/mimic-response/-/mimic-response-4.0.0.tgz"
  integrity sha512-e5ISH9xMYU0DzrT+jl8q2ze9D6eWBto+I8CNpe+VI+K2J/F/k3PdkdTdz4wvGVH4NTpo+NRYTVIuMQEMMcsLqg==

normalize-url@^8.0.0:
  version "8.0.0"
  resolved "https://registry.npmjs.org/normalize-url/-/normalize-url-8.0.0.tgz"
  integrity sha512-uVFpKhj5MheNBJRTiMZ9pE/7hD1QTeEvugSJW/OmLzAp78PB5O6adfMNTvmfKhXBkvCzC+rqifWcVYpGFwTjnw==

p-cancelable@^3.0.0:
  version "3.0.0"
  resolved "https://registry.npmjs.org/p-cancelable/-/p-cancelable-3.0.0.tgz"
  integrity sha512-mlVgR3PGuzlo0MmTdk4cXqXWlwQDLnONTAg6sm62XkMJEiRxN3GL3SffkYvqwonbkJBcrI7Uvv5Zh9yjvn2iUw==

peek-readable@^5.0.0:
  version "5.0.0"
  resolved "https://registry.npmjs.org/peek-readable/-/peek-readable-5.0.0.tgz"
  integrity sha512-YtCKvLUOvwtMGmrniQPdO7MwPjgkFBtFIrmfSbYmYuq3tKDV/mcfAhBth1+C3ru7uXIZasc/pHnb+YDYNkkj4A==

prisma@*, prisma@^4.11.0:
  version "4.11.0"
  resolved "https://registry.npmjs.org/prisma/-/prisma-4.11.0.tgz"
  integrity sha512-4zZmBXssPUEiX+GeL0MUq/Yyie4ltiKmGu7jCJFnYMamNrrulTBc+D+QwAQSJ01tyzeGHlD13kOnqPwRipnlNw==
  dependencies:
    "@prisma/engines" "4.11.0"

quick-lru@^5.1.1:
  version "5.1.1"
  resolved "https://registry.npmjs.org/quick-lru/-/quick-lru-5.1.1.tgz"
  integrity sha512-WuyALRjWPDGtt/wzJiadO5AXY+8hZ80hVpe6MyivgraREW751X3SbhRvG3eLKOYN+8VEvqLcf3wdnt44Z4S4SA==

readable-stream@^3.6.0:
  version "3.6.2"
  resolved "https://registry.npmjs.org/readable-stream/-/readable-stream-3.6.2.tgz"
  integrity sha512-9u/sniCrY3D5WdsERHzHE4G2YCXqoG5FTHUiCC4SIbr6XcLZBY05ya9EKjYek9O5xOAwjGq+1JdGBAS7Q9ScoA==
  dependencies:
    inherits "^2.0.3"
    string_decoder "^1.1.1"
    util-deprecate "^1.0.1"

readable-web-to-node-stream@^3.0.2:
  version "3.0.2"
  resolved "https://registry.npmjs.org/readable-web-to-node-stream/-/readable-web-to-node-stream-3.0.2.tgz"
  integrity sha512-ePeK6cc1EcKLEhJFt/AebMCLL+GgSKhuygrZ/GLaKZYEecIgIECf4UaUuaByiGtzckwR4ain9VzUh95T1exYGw==
  dependencies:
    readable-stream "^3.6.0"

require-directory@^2.1.1:
  version "2.1.1"
  resolved "https://registry.npmjs.org/require-directory/-/require-directory-2.1.1.tgz"
  integrity sha512-fGxEI7+wsG9xrvdjsrlmL22OMTTiHRwAMroiEeMgq8gzoLC/PQr7RsRDSTLUg/bZAZtF+TVIkHc6/4RIKrui+Q==

resolve-alpn@^1.2.0:
  version "1.2.1"
  resolved "https://registry.npmjs.org/resolve-alpn/-/resolve-alpn-1.2.1.tgz"
  integrity sha512-0a1F4l73/ZFZOakJnQ3FvkJ2+gSTQWz/r2KE5OdDY0TxPm5h4GkqkWWfM47T7HsbnOtcJVEF4epCVy6u7Q3K+g==

responselike@^3.0.0:
  version "3.0.0"
  resolved "https://registry.npmjs.org/responselike/-/responselike-3.0.0.tgz"
  integrity sha512-40yHxbNcl2+rzXvZuVkrYohathsSJlMTXKryG5y8uciHv1+xDLHQpgjG64JUO9nrEq2jGLH6IZ8BcZyw3wrweg==
  dependencies:
    lowercase-keys "^3.0.0"

safe-buffer@~5.2.0:
  version "5.2.1"
  resolved "https://registry.npmjs.org/safe-buffer/-/safe-buffer-5.2.1.tgz"
  integrity sha512-rp3So07KcdmmKbGvgaNxQSJr7bGVSVk5S9Eq1F+ppbRo70+YeaDxkw5Dd8NPN+GD6bjnYm2VuPuCXmpuYvmCXQ==

streamsearch@^1.1.0:
  version "1.1.0"
  resolved "https://registry.npmjs.org/streamsearch/-/streamsearch-1.1.0.tgz"
  integrity sha512-Mcc5wHehp9aXz1ax6bZUyY5afg9u2rv5cqQI3mRrYkGC8rW2hM02jWuwjtL++LS5qinSyhj2QfLyNsuc+VsExg==

string_decoder@^1.1.1:
  version "1.3.0"
  resolved "https://registry.npmjs.org/string_decoder/-/string_decoder-1.3.0.tgz"
  integrity sha512-hkRX8U1WjJFd8LsDJ2yQ/wWWxaopEsABU1XfkM8A+j0+85JAGppt16cr1Whg6KIbb4okU6Mql6BOj+uup/wKeA==
  dependencies:
    safe-buffer "~5.2.0"

string-width@^4.1.0, string-width@^4.2.0, string-width@^4.2.3:
  version "4.2.3"
  resolved "https://registry.npmjs.org/string-width/-/string-width-4.2.3.tgz"
  integrity sha512-wKyQRQpjJ0sIp62ErSZdGsjMJWsap5oRNihHhu6G7JVO/9jIB6UyevL+tXuOqrng8j/cxKTWyWUwvSTriiZz/g==
  dependencies:
    emoji-regex "^8.0.0"
    is-fullwidth-code-point "^3.0.0"
    strip-ansi "^6.0.1"

strip-ansi@^6.0.0, strip-ansi@^6.0.1:
  version "6.0.1"
  resolved "https://registry.npmjs.org/strip-ansi/-/strip-ansi-6.0.1.tgz"
  integrity sha512-Y38VPSHcqkFrCpFnQ9vuSXmquuv5oXOKpGeT6aGrr3o3Gc9AlVa6JBfUSOCnbxGGZF+/0ooI7KrPuUSztUdU5A==
  dependencies:
    ansi-regex "^5.0.1"

strtok3@^7.0.0:
  version "7.0.0"
  resolved "https://registry.npmjs.org/strtok3/-/strtok3-7.0.0.tgz"
  integrity sha512-pQ+V+nYQdC5H3Q7qBZAz/MO6lwGhoC2gOAjuouGf/VO0m7vQRh8QNMl2Uf6SwAtzZ9bOw3UIeBukEGNJl5dtXQ==
  dependencies:
    "@tokenizer/token" "^0.3.0"
    peek-readable "^5.0.0"

token-types@^5.0.1:
  version "5.0.1"
  resolved "https://registry.npmjs.org/token-types/-/token-types-5.0.1.tgz"
  integrity sha512-Y2fmSnZjQdDb9W4w4r1tswlMHylzWIeOKpx0aZH9BgGtACHhrk3OkT52AzwcuqTRBZtvvnTjDBh8eynMulu8Vg==
  dependencies:
    "@tokenizer/token" "^0.3.0"
    ieee754 "^1.2.1"

ts-mixer@^6.0.3:
  version "6.0.3"
  resolved "https://registry.npmjs.org/ts-mixer/-/ts-mixer-6.0.3.tgz"
  integrity sha512-k43M7uCG1AkTyxgnmI5MPwKoUvS/bRvLvUb7+Pgpdlmok8AoqmUaZxUUw8zKM5B1lqZrt41GjYgnvAi0fppqgQ==

tslib@^2.3.1, tslib@^2.4.0, tslib@^2.4.1, tslib@^2.5.0:
  version "2.5.0"
  resolved "https://registry.npmjs.org/tslib/-/tslib-2.5.0.tgz"
  integrity sha512-336iVw3rtn2BUK7ORdIAHTyxHGRIHVReokCR3XjbckJMK7ms8FysBfhLR8IXnAgy7T0PTPNBWKiH514FOW/WSg==

typescript@^4.6.3:
  version "4.9.5"
  resolved "https://registry.npmjs.org/typescript/-/typescript-4.9.5.tgz"
  integrity sha512-1FXk9E2Hm+QzZQ7z+McJiHL4NW1F2EzMu9Nq9i3zAaGqibafqYwCVU6WyWAuyQRRzOlxou8xZSyXLEN8oKj24g==

undici@^5.20.0:
  version "5.21.0"
  resolved "https://registry.npmjs.org/undici/-/undici-5.21.0.tgz"
  integrity sha512-HOjK8l6a57b2ZGXOcUsI5NLfoTrfmbOl90ixJDl0AEFG4wgHNDQxtZy15/ZQp7HhjkpaGlp/eneMgtsu1dIlUA==
  dependencies:
    busboy "^1.6.0"

util-deprecate@^1.0.1:
  version "1.0.2"
  resolved "https://registry.npmjs.org/util-deprecate/-/util-deprecate-1.0.2.tgz"
  integrity sha512-EPD5q1uXyFxJpCrLnCc1nHnq3gOa6DZBocAIiI2TaSCA7VCJ1UJDMagCzIkXNsUYfD1daK//LTEQ8xiIbrHtcw==

wrap-ansi@^7.0.0:
  version "7.0.0"
  resolved "https://registry.npmjs.org/wrap-ansi/-/wrap-ansi-7.0.0.tgz"
  integrity sha512-YVGIj2kamLSTxw6NsZjoBxfSwsn0ycdesmc4p+Q21c5zPuZ1pl+NfxVdxPtdHvmNVOQ6XSYG4AUtyt/Fi7D16Q==
  dependencies:
    ansi-styles "^4.0.0"
    string-width "^4.1.0"
    strip-ansi "^6.0.0"

ws@^8.12.1:
  version "8.13.0"
  resolved "https://registry.npmjs.org/ws/-/ws-8.13.0.tgz"
  integrity sha512-x9vcZYTrFPC7aSIbj7sRCYo7L/Xb8Iy+pW0ng0wt2vCJv7M9HOMy0UoN3rr+IFC7hb7vXoqS+P9ktyLLLhO+LA==

y18n@^5.0.5:
  version "5.0.8"
  resolved "https://registry.npmjs.org/y18n/-/y18n-5.0.8.tgz"
  integrity sha512-0pfFzegeDWJHJIAmTLRP2DwHjdF5s7jo9tuztdQxAhINCdvS+3nGINqPd00AphqJR/0LhANUS6/+7SCb98YOfA==

yargs-parser@^21.1.1:
  version "21.1.1"
  resolved "https://registry.npmjs.org/yargs-parser/-/yargs-parser-21.1.1.tgz"
  integrity sha512-tVpsJW7DdjecAiFpbIB1e3qxIQsE6NoPc5/eTdrbbIC4h0LVsWhnoa3g+m2HclBIujHzsxZ4VJVA+GUuc2/LBw==

yargs@^17.7.2:
  version "17.7.2"
  resolved "https://registry.npmjs.org/yargs/-/yargs-17.7.2.tgz"
  integrity sha512-7dSzzRQ++CKnNI/krKnYRV7JKKPUXMEh61soaHKg9mrWEhzFWhFnxPxGl+69cD1Ou63C13NUPCnmIcrvqCuM6w==
  dependencies:
    cliui "^8.0.1"
    escalade "^3.1.1"
    get-caller-file "^2.0.5"
    require-directory "^2.1.1"
    string-width "^4.2.3"
    y18n "^5.0.5"
    yargs-parser "^21.1.1"
